// !$*UTF8*$!
{
	archiveVersion = 1;
	classes = {
	};
	objectVersion = 48;
	objects = {

/* Begin PBXBuildFile section */
		29879052690E6405D76A1725 /* Pods_DummyCam.framework in Frameworks */ = {isa = PBXBuildFile; fileRef = 282F980442FF3EF8A921D20D /* Pods_DummyCam.framework */; };
		885C419C6D6270CAEDC54F85 /* Pods_DummyCamUITests.framework in Frameworks */ = {isa = PBXBuildFile; fileRef = 72D0D6C9FCB64076B3FCE0A4 /* Pods_DummyCamUITests.framework */; };
		AECD9C191F8645E9004FE985 /* AppDelegate.swift in Sources */ = {isa = PBXBuildFile; fileRef = AECD9C181F8645E9004FE985 /* AppDelegate.swift */; };
		AECD9C1B1F8645E9004FE985 /* ViewController.swift in Sources */ = {isa = PBXBuildFile; fileRef = AECD9C1A1F8645E9004FE985 /* ViewController.swift */; };
		AECD9C1E1F8645E9004FE985 /* Main.storyboard in Resources */ = {isa = PBXBuildFile; fileRef = AECD9C1C1F8645E9004FE985 /* Main.storyboard */; };
		AECD9C201F8645E9004FE985 /* Assets.xcassets in Resources */ = {isa = PBXBuildFile; fileRef = AECD9C1F1F8645E9004FE985 /* Assets.xcassets */; };
		AECD9C231F8645E9004FE985 /* LaunchScreen.storyboard in Resources */ = {isa = PBXBuildFile; fileRef = AECD9C211F8645E9004FE985 /* LaunchScreen.storyboard */; };
		AECD9C2E1F8645E9004FE985 /* DummyCamUITests.swift in Sources */ = {isa = PBXBuildFile; fileRef = AECD9C2D1F8645E9004FE985 /* DummyCamUITests.swift */; };
		AECD9C3A1F8646A4004FE985 /* VideoCapture.swift in Sources */ = {isa = PBXBuildFile; fileRef = AECD9C391F8646A4004FE985 /* VideoCapture.swift */; };
		AECD9C3C1F86475C004FE985 /* VideoCaptureDelegate.swift in Sources */ = {isa = PBXBuildFile; fileRef = AECD9C3B1F86475C004FE985 /* VideoCaptureDelegate.swift */; };
		AECD9C3E1F864FD0004FE985 /* ViewController+VideoCaptureDelegate.swift in Sources */ = {isa = PBXBuildFile; fileRef = AECD9C3D1F864FD0004FE985 /* ViewController+VideoCaptureDelegate.swift */; };
/* End PBXBuildFile section */

/* Begin PBXContainerItemProxy section */
		AECD9C2A1F8645E9004FE985 /* PBXContainerItemProxy */ = {
			isa = PBXContainerItemProxy;
			containerPortal = AECD9C0D1F8645E8004FE985 /* Project object */;
			proxyType = 1;
			remoteGlobalIDString = AECD9C141F8645E8004FE985;
			remoteInfo = DummyCam;
		};
/* End PBXContainerItemProxy section */

/* Begin PBXFileReference section */
		1CFD6B883F1D5FFCD5A2B468 /* Pods-DummyCam.debug.xcconfig */ = {isa = PBXFileReference; includeInIndex = 1; lastKnownFileType = text.xcconfig; name = "Pods-DummyCam.debug.xcconfig"; path = "Pods/Target Support Files/Pods-DummyCam/Pods-DummyCam.debug.xcconfig"; sourceTree = "<group>"; };
		282F980442FF3EF8A921D20D /* Pods_DummyCam.framework */ = {isa = PBXFileReference; explicitFileType = wrapper.framework; includeInIndex = 0; path = Pods_DummyCam.framework; sourceTree = BUILT_PRODUCTS_DIR; };
		4E9B565E2765DA61CC50FB9E /* Pods-DummyCamUITests.release.xcconfig */ = {isa = PBXFileReference; includeInIndex = 1; lastKnownFileType = text.xcconfig; name = "Pods-DummyCamUITests.release.xcconfig"; path = "Pods/Target Support Files/Pods-DummyCamUITests/Pods-DummyCamUITests.release.xcconfig"; sourceTree = "<group>"; };
		72D0D6C9FCB64076B3FCE0A4 /* Pods_DummyCamUITests.framework */ = {isa = PBXFileReference; explicitFileType = wrapper.framework; includeInIndex = 0; path = Pods_DummyCamUITests.framework; sourceTree = BUILT_PRODUCTS_DIR; };
		7328E208EADE9B1844093768 /* Pods-DummyCamUITests.debug.xcconfig */ = {isa = PBXFileReference; includeInIndex = 1; lastKnownFileType = text.xcconfig; name = "Pods-DummyCamUITests.debug.xcconfig"; path = "Pods/Target Support Files/Pods-DummyCamUITests/Pods-DummyCamUITests.debug.xcconfig"; sourceTree = "<group>"; };
		7824CF2D2D76604ED160386F /* Pods-DummyCam.release.xcconfig */ = {isa = PBXFileReference; includeInIndex = 1; lastKnownFileType = text.xcconfig; name = "Pods-DummyCam.release.xcconfig"; path = "Pods/Target Support Files/Pods-DummyCam/Pods-DummyCam.release.xcconfig"; sourceTree = "<group>"; };
		AECD9C151F8645E8004FE985 /* DummyCam.app */ = {isa = PBXFileReference; explicitFileType = wrapper.application; includeInIndex = 0; path = DummyCam.app; sourceTree = BUILT_PRODUCTS_DIR; };
		AECD9C181F8645E9004FE985 /* AppDelegate.swift */ = {isa = PBXFileReference; lastKnownFileType = sourcecode.swift; path = AppDelegate.swift; sourceTree = "<group>"; };
		AECD9C1A1F8645E9004FE985 /* ViewController.swift */ = {isa = PBXFileReference; lastKnownFileType = sourcecode.swift; path = ViewController.swift; sourceTree = "<group>"; };
		AECD9C1D1F8645E9004FE985 /* Base */ = {isa = PBXFileReference; lastKnownFileType = file.storyboard; name = Base; path = Base.lproj/Main.storyboard; sourceTree = "<group>"; };
		AECD9C1F1F8645E9004FE985 /* Assets.xcassets */ = {isa = PBXFileReference; lastKnownFileType = folder.assetcatalog; path = Assets.xcassets; sourceTree = "<group>"; };
		AECD9C221F8645E9004FE985 /* Base */ = {isa = PBXFileReference; lastKnownFileType = file.storyboard; name = Base; path = Base.lproj/LaunchScreen.storyboard; sourceTree = "<group>"; };
		AECD9C241F8645E9004FE985 /* Info.plist */ = {isa = PBXFileReference; lastKnownFileType = text.plist.xml; path = Info.plist; sourceTree = "<group>"; };
		AECD9C291F8645E9004FE985 /* DummyCamUITests.xctest */ = {isa = PBXFileReference; explicitFileType = wrapper.cfbundle; includeInIndex = 0; path = DummyCamUITests.xctest; sourceTree = BUILT_PRODUCTS_DIR; };
		AECD9C2D1F8645E9004FE985 /* DummyCamUITests.swift */ = {isa = PBXFileReference; lastKnownFileType = sourcecode.swift; path = DummyCamUITests.swift; sourceTree = "<group>"; };
		AECD9C2F1F8645E9004FE985 /* Info.plist */ = {isa = PBXFileReference; lastKnownFileType = text.plist.xml; path = Info.plist; sourceTree = "<group>"; };
		AECD9C391F8646A4004FE985 /* VideoCapture.swift */ = {isa = PBXFileReference; lastKnownFileType = sourcecode.swift; path = VideoCapture.swift; sourceTree = "<group>"; };
		AECD9C3B1F86475C004FE985 /* VideoCaptureDelegate.swift */ = {isa = PBXFileReference; lastKnownFileType = sourcecode.swift; path = VideoCaptureDelegate.swift; sourceTree = "<group>"; };
		AECD9C3D1F864FD0004FE985 /* ViewController+VideoCaptureDelegate.swift */ = {isa = PBXFileReference; lastKnownFileType = sourcecode.swift; path = "ViewController+VideoCaptureDelegate.swift"; sourceTree = "<group>"; };
/* End PBXFileReference section */

/* Begin PBXFrameworksBuildPhase section */
		AECD9C121F8645E8004FE985 /* Frameworks */ = {
			isa = PBXFrameworksBuildPhase;
			buildActionMask = 2147483647;
			files = (
				29879052690E6405D76A1725 /* Pods_DummyCam.framework in Frameworks */,
			);
			runOnlyForDeploymentPostprocessing = 0;
		};
		AECD9C261F8645E9004FE985 /* Frameworks */ = {
			isa = PBXFrameworksBuildPhase;
			buildActionMask = 2147483647;
			files = (
				885C419C6D6270CAEDC54F85 /* Pods_DummyCamUITests.framework in Frameworks */,
			);
			runOnlyForDeploymentPostprocessing = 0;
		};
/* End PBXFrameworksBuildPhase section */

/* Begin PBXGroup section */
		24914BE8BB613DE47B64FEAF /* Frameworks */ = {
			isa = PBXGroup;
			children = (
				282F980442FF3EF8A921D20D /* Pods_DummyCam.framework */,
				72D0D6C9FCB64076B3FCE0A4 /* Pods_DummyCamUITests.framework */,
			);
			name = Frameworks;
			sourceTree = "<group>";
		};
		6DC98EBEE9C756AD094491C2 /* Pods */ = {
			isa = PBXGroup;
			children = (
				1CFD6B883F1D5FFCD5A2B468 /* Pods-DummyCam.debug.xcconfig */,
				7824CF2D2D76604ED160386F /* Pods-DummyCam.release.xcconfig */,
				7328E208EADE9B1844093768 /* Pods-DummyCamUITests.debug.xcconfig */,
				4E9B565E2765DA61CC50FB9E /* Pods-DummyCamUITests.release.xcconfig */,
			);
			name = Pods;
			sourceTree = "<group>";
		};
		AECD9C0C1F8645E8004FE985 = {
			isa = PBXGroup;
			children = (
				AECD9C171F8645E8004FE985 /* DummyCam */,
				AECD9C2C1F8645E9004FE985 /* DummyCamUITests */,
				AECD9C161F8645E8004FE985 /* Products */,
				6DC98EBEE9C756AD094491C2 /* Pods */,
				24914BE8BB613DE47B64FEAF /* Frameworks */,
			);
			sourceTree = "<group>";
		};
		AECD9C161F8645E8004FE985 /* Products */ = {
			isa = PBXGroup;
			children = (
				AECD9C151F8645E8004FE985 /* DummyCam.app */,
				AECD9C291F8645E9004FE985 /* DummyCamUITests.xctest */,
			);
			name = Products;
			sourceTree = "<group>";
		};
		AECD9C171F8645E8004FE985 /* DummyCam */ = {
			isa = PBXGroup;
			children = (
				AECD9C381F864679004FE985 /* Camera */,
				AECD9C181F8645E9004FE985 /* AppDelegate.swift */,
				AECD9C1A1F8645E9004FE985 /* ViewController.swift */,
				AECD9C3D1F864FD0004FE985 /* ViewController+VideoCaptureDelegate.swift */,
				AECD9C1C1F8645E9004FE985 /* Main.storyboard */,
				AECD9C1F1F8645E9004FE985 /* Assets.xcassets */,
				AECD9C211F8645E9004FE985 /* LaunchScreen.storyboard */,
				AECD9C241F8645E9004FE985 /* Info.plist */,
			);
			path = DummyCam;
			sourceTree = "<group>";
		};
		AECD9C2C1F8645E9004FE985 /* DummyCamUITests */ = {
			isa = PBXGroup;
			children = (
				AECD9C2D1F8645E9004FE985 /* DummyCamUITests.swift */,
				AECD9C2F1F8645E9004FE985 /* Info.plist */,
			);
			path = DummyCamUITests;
			sourceTree = "<group>";
		};
		AECD9C381F864679004FE985 /* Camera */ = {
			isa = PBXGroup;
			children = (
				AECD9C391F8646A4004FE985 /* VideoCapture.swift */,
				AECD9C3B1F86475C004FE985 /* VideoCaptureDelegate.swift */,
			);
			path = Camera;
			sourceTree = "<group>";
		};
/* End PBXGroup section */

/* Begin PBXNativeTarget section */
		AECD9C141F8645E8004FE985 /* DummyCam */ = {
			isa = PBXNativeTarget;
			buildConfigurationList = AECD9C321F8645E9004FE985 /* Build configuration list for PBXNativeTarget "DummyCam" */;
			buildPhases = (
				B558E651306EC3143D688C67 /* [CP] Check Pods Manifest.lock */,
				AECD9C111F8645E8004FE985 /* Sources */,
				AECD9C121F8645E8004FE985 /* Frameworks */,
				AECD9C131F8645E8004FE985 /* Resources */,
				12057BEB16981408A3EC6E36 /* [CP] Embed Pods Frameworks */,
				6854693AF30B36F40E8A8CAB /* [CP] Copy Pods Resources */,
			);
			buildRules = (
			);
			dependencies = (
			);
			name = DummyCam;
			productName = DummyCam;
			productReference = AECD9C151F8645E8004FE985 /* DummyCam.app */;
			productType = "com.apple.product-type.application";
		};
		AECD9C281F8645E9004FE985 /* DummyCamUITests */ = {
			isa = PBXNativeTarget;
			buildConfigurationList = AECD9C351F8645E9004FE985 /* Build configuration list for PBXNativeTarget "DummyCamUITests" */;
			buildPhases = (
				64FD6895A8BC49B1FA486DEC /* [CP] Check Pods Manifest.lock */,
				AECD9C251F8645E9004FE985 /* Sources */,
				AECD9C261F8645E9004FE985 /* Frameworks */,
				AECD9C271F8645E9004FE985 /* Resources */,
				674419666B7E48A64AA7209E /* [CP] Embed Pods Frameworks */,
				3B6BA2D989031680F5D2F37C /* [CP] Copy Pods Resources */,
			);
			buildRules = (
			);
			dependencies = (
				AECD9C2B1F8645E9004FE985 /* PBXTargetDependency */,
			);
			name = DummyCamUITests;
			productName = DummyCamUITests;
			productReference = AECD9C291F8645E9004FE985 /* DummyCamUITests.xctest */;
			productType = "com.apple.product-type.bundle.ui-testing";
		};
/* End PBXNativeTarget section */

/* Begin PBXProject section */
		AECD9C0D1F8645E8004FE985 /* Project object */ = {
			isa = PBXProject;
			attributes = {
				LastSwiftUpdateCheck = 0900;
				LastUpgradeCheck = 0900;
				ORGANIZATIONNAME = TSOK.AI;
				TargetAttributes = {
					AECD9C141F8645E8004FE985 = {
						CreatedOnToolsVersion = 9.0;
						ProvisioningStyle = Manual;
					};
					AECD9C281F8645E9004FE985 = {
						CreatedOnToolsVersion = 9.0;
						ProvisioningStyle = Automatic;
						TestTargetID = AECD9C141F8645E8004FE985;
					};
				};
			};
			buildConfigurationList = AECD9C101F8645E8004FE985 /* Build configuration list for PBXProject "DummyCam" */;
			compatibilityVersion = "Xcode 8.0";
			developmentRegion = en;
			hasScannedForEncodings = 0;
			knownRegions = (
				en,
				Base,
			);
			mainGroup = AECD9C0C1F8645E8004FE985;
			productRefGroup = AECD9C161F8645E8004FE985 /* Products */;
			projectDirPath = "";
			projectRoot = "";
			targets = (
				AECD9C141F8645E8004FE985 /* DummyCam */,
				AECD9C281F8645E9004FE985 /* DummyCamUITests */,
			);
		};
/* End PBXProject section */

/* Begin PBXResourcesBuildPhase section */
		AECD9C131F8645E8004FE985 /* Resources */ = {
			isa = PBXResourcesBuildPhase;
			buildActionMask = 2147483647;
			files = (
				AECD9C231F8645E9004FE985 /* LaunchScreen.storyboard in Resources */,
				AECD9C201F8645E9004FE985 /* Assets.xcassets in Resources */,
				AECD9C1E1F8645E9004FE985 /* Main.storyboard in Resources */,
			);
			runOnlyForDeploymentPostprocessing = 0;
		};
		AECD9C271F8645E9004FE985 /* Resources */ = {
			isa = PBXResourcesBuildPhase;
			buildActionMask = 2147483647;
			files = (
			);
			runOnlyForDeploymentPostprocessing = 0;
		};
/* End PBXResourcesBuildPhase section */

/* Begin PBXShellScriptBuildPhase section */
		12057BEB16981408A3EC6E36 /* [CP] Embed Pods Frameworks */ = {
			isa = PBXShellScriptBuildPhase;
			buildActionMask = 2147483647;
			files = (
			);
			inputPaths = (
			);
			name = "[CP] Embed Pods Frameworks";
			outputPaths = (
			);
			runOnlyForDeploymentPostprocessing = 0;
			shellPath = /bin/sh;
			shellScript = "\"${SRCROOT}/Pods/Target Support Files/Pods-DummyCam/Pods-DummyCam-frameworks.sh\"\n";
			showEnvVarsInLog = 0;
		};
		3B6BA2D989031680F5D2F37C /* [CP] Copy Pods Resources */ = {
			isa = PBXShellScriptBuildPhase;
			buildActionMask = 2147483647;
			files = (
			);
			inputPaths = (
			);
			name = "[CP] Copy Pods Resources";
			outputPaths = (
			);
			runOnlyForDeploymentPostprocessing = 0;
			shellPath = /bin/sh;
			shellScript = "\"${SRCROOT}/Pods/Target Support Files/Pods-DummyCamUITests/Pods-DummyCamUITests-resources.sh\"\n";
			showEnvVarsInLog = 0;
		};
		64FD6895A8BC49B1FA486DEC /* [CP] Check Pods Manifest.lock */ = {
			isa = PBXShellScriptBuildPhase;
			buildActionMask = 2147483647;
			files = (
			);
			inputPaths = (
				"${PODS_PODFILE_DIR_PATH}/Podfile.lock",
				"${PODS_ROOT}/Manifest.lock",
			);
			name = "[CP] Check Pods Manifest.lock";
			outputPaths = (
				"$(DERIVED_FILE_DIR)/Pods-DummyCamUITests-checkManifestLockResult.txt",
			);
			runOnlyForDeploymentPostprocessing = 0;
			shellPath = /bin/sh;
			shellScript = "diff \"${PODS_PODFILE_DIR_PATH}/Podfile.lock\" \"${PODS_ROOT}/Manifest.lock\" > /dev/null\nif [ $? != 0 ] ; then\n    # print error to STDERR\n    echo \"error: The sandbox is not in sync with the Podfile.lock. Run 'pod install' or update your CocoaPods installation.\" >&2\n    exit 1\nfi\n# This output is used by Xcode 'outputs' to avoid re-running this script phase.\necho \"SUCCESS\" > \"${SCRIPT_OUTPUT_FILE_0}\"\n";
			showEnvVarsInLog = 0;
		};
		674419666B7E48A64AA7209E /* [CP] Embed Pods Frameworks */ = {
			isa = PBXShellScriptBuildPhase;
			buildActionMask = 2147483647;
			files = (
			);
			inputPaths = (
			);
			name = "[CP] Embed Pods Frameworks";
			outputPaths = (
			);
			runOnlyForDeploymentPostprocessing = 0;
			shellPath = /bin/sh;
			shellScript = "\"${SRCROOT}/Pods/Target Support Files/Pods-DummyCamUITests/Pods-DummyCamUITests-frameworks.sh\"\n";
			showEnvVarsInLog = 0;
		};
		6854693AF30B36F40E8A8CAB /* [CP] Copy Pods Resources */ = {
			isa = PBXShellScriptBuildPhase;
			buildActionMask = 2147483647;
			files = (
			);
			inputPaths = (
			);
			name = "[CP] Copy Pods Resources";
			outputPaths = (
			);
			runOnlyForDeploymentPostprocessing = 0;
			shellPath = /bin/sh;
			shellScript = "\"${SRCROOT}/Pods/Target Support Files/Pods-DummyCam/Pods-DummyCam-resources.sh\"\n";
			showEnvVarsInLog = 0;
		};
		B558E651306EC3143D688C67 /* [CP] Check Pods Manifest.lock */ = {
			isa = PBXShellScriptBuildPhase;
			buildActionMask = 2147483647;
			files = (
			);
			inputPaths = (
				"${PODS_PODFILE_DIR_PATH}/Podfile.lock",
				"${PODS_ROOT}/Manifest.lock",
			);
			name = "[CP] Check Pods Manifest.lock";
			outputPaths = (
				"$(DERIVED_FILE_DIR)/Pods-DummyCam-checkManifestLockResult.txt",
			);
			runOnlyForDeploymentPostprocessing = 0;
			shellPath = /bin/sh;
			shellScript = "diff \"${PODS_PODFILE_DIR_PATH}/Podfile.lock\" \"${PODS_ROOT}/Manifest.lock\" > /dev/null\nif [ $? != 0 ] ; then\n    # print error to STDERR\n    echo \"error: The sandbox is not in sync with the Podfile.lock. Run 'pod install' or update your CocoaPods installation.\" >&2\n    exit 1\nfi\n# This output is used by Xcode 'outputs' to avoid re-running this script phase.\necho \"SUCCESS\" > \"${SCRIPT_OUTPUT_FILE_0}\"\n";
			showEnvVarsInLog = 0;
		};
/* End PBXShellScriptBuildPhase section */

/* Begin PBXSourcesBuildPhase section */
		AECD9C111F8645E8004FE985 /* Sources */ = {
			isa = PBXSourcesBuildPhase;
			buildActionMask = 2147483647;
			files = (
				AECD9C1B1F8645E9004FE985 /* ViewController.swift in Sources */,
				AECD9C3A1F8646A4004FE985 /* VideoCapture.swift in Sources */,
				AECD9C191F8645E9004FE985 /* AppDelegate.swift in Sources */,
				AECD9C3E1F864FD0004FE985 /* ViewController+VideoCaptureDelegate.swift in Sources */,
				AECD9C3C1F86475C004FE985 /* VideoCaptureDelegate.swift in Sources */,
			);
			runOnlyForDeploymentPostprocessing = 0;
		};
		AECD9C251F8645E9004FE985 /* Sources */ = {
			isa = PBXSourcesBuildPhase;
			buildActionMask = 2147483647;
			files = (
				AECD9C2E1F8645E9004FE985 /* DummyCamUITests.swift in Sources */,
			);
			runOnlyForDeploymentPostprocessing = 0;
		};
/* End PBXSourcesBuildPhase section */

/* Begin PBXTargetDependency section */
		AECD9C2B1F8645E9004FE985 /* PBXTargetDependency */ = {
			isa = PBXTargetDependency;
			target = AECD9C141F8645E8004FE985 /* DummyCam */;
			targetProxy = AECD9C2A1F8645E9004FE985 /* PBXContainerItemProxy */;
		};
/* End PBXTargetDependency section */

/* Begin PBXVariantGroup section */
		AECD9C1C1F8645E9004FE985 /* Main.storyboard */ = {
			isa = PBXVariantGroup;
			children = (
				AECD9C1D1F8645E9004FE985 /* Base */,
			);
			name = Main.storyboard;
			sourceTree = "<group>";
		};
		AECD9C211F8645E9004FE985 /* LaunchScreen.storyboard */ = {
			isa = PBXVariantGroup;
			children = (
				AECD9C221F8645E9004FE985 /* Base */,
			);
			name = LaunchScreen.storyboard;
			sourceTree = "<group>";
		};
/* End PBXVariantGroup section */

/* Begin XCBuildConfiguration section */
		AECD9C301F8645E9004FE985 /* Debug */ = {
			isa = XCBuildConfiguration;
			buildSettings = {
				ALWAYS_SEARCH_USER_PATHS = NO;
				CLANG_ANALYZER_NONNULL = YES;
				CLANG_ANALYZER_NUMBER_OBJECT_CONVERSION = YES_AGGRESSIVE;
				CLANG_CXX_LANGUAGE_STANDARD = "gnu++14";
				CLANG_CXX_LIBRARY = "libc++";
				CLANG_ENABLE_MODULES = YES;
				CLANG_ENABLE_OBJC_ARC = YES;
				CLANG_WARN_BLOCK_CAPTURE_AUTORELEASING = YES;
				CLANG_WARN_BOOL_CONVERSION = YES;
				CLANG_WARN_COMMA = YES;
				CLANG_WARN_CONSTANT_CONVERSION = YES;
				CLANG_WARN_DIRECT_OBJC_ISA_USAGE = YES_ERROR;
				CLANG_WARN_DOCUMENTATION_COMMENTS = YES;
				CLANG_WARN_EMPTY_BODY = YES;
				CLANG_WARN_ENUM_CONVERSION = YES;
				CLANG_WARN_INFINITE_RECURSION = YES;
				CLANG_WARN_INT_CONVERSION = YES;
				CLANG_WARN_NON_LITERAL_NULL_CONVERSION = YES;
				CLANG_WARN_OBJC_LITERAL_CONVERSION = YES;
				CLANG_WARN_OBJC_ROOT_CLASS = YES_ERROR;
				CLANG_WARN_RANGE_LOOP_ANALYSIS = YES;
				CLANG_WARN_STRICT_PROTOTYPES = YES;
				CLANG_WARN_SUSPICIOUS_MOVE = YES;
				CLANG_WARN_UNGUARDED_AVAILABILITY = YES_AGGRESSIVE;
				CLANG_WARN_UNREACHABLE_CODE = YES;
				CLANG_WARN__DUPLICATE_METHOD_MATCH = YES;
				CODE_SIGN_IDENTITY = "iPhone Developer";
				COPY_PHASE_STRIP = NO;
				DEBUG_INFORMATION_FORMAT = dwarf;
				ENABLE_STRICT_OBJC_MSGSEND = YES;
				ENABLE_TESTABILITY = YES;
				GCC_C_LANGUAGE_STANDARD = gnu11;
				GCC_DYNAMIC_NO_PIC = NO;
				GCC_NO_COMMON_BLOCKS = YES;
				GCC_OPTIMIZATION_LEVEL = 0;
				GCC_PREPROCESSOR_DEFINITIONS = (
					"DEBUG=1",
					"$(inherited)",
				);
				GCC_WARN_64_TO_32_BIT_CONVERSION = YES;
				GCC_WARN_ABOUT_RETURN_TYPE = YES_ERROR;
				GCC_WARN_UNDECLARED_SELECTOR = YES;
				GCC_WARN_UNINITIALIZED_AUTOS = YES_AGGRESSIVE;
				GCC_WARN_UNUSED_FUNCTION = YES;
				GCC_WARN_UNUSED_VARIABLE = YES;
				IPHONEOS_DEPLOYMENT_TARGET = 11.0;
				MTL_ENABLE_DEBUG_INFO = YES;
				ONLY_ACTIVE_ARCH = YES;
				SDKROOT = iphoneos;
				SWIFT_ACTIVE_COMPILATION_CONDITIONS = DEBUG;
				SWIFT_OPTIMIZATION_LEVEL = "-Onone";
			};
			name = Debug;
		};
		AECD9C311F8645E9004FE985 /* Release */ = {
			isa = XCBuildConfiguration;
			buildSettings = {
				ALWAYS_SEARCH_USER_PATHS = NO;
				CLANG_ANALYZER_NONNULL = YES;
				CLANG_ANALYZER_NUMBER_OBJECT_CONVERSION = YES_AGGRESSIVE;
				CLANG_CXX_LANGUAGE_STANDARD = "gnu++14";
				CLANG_CXX_LIBRARY = "libc++";
				CLANG_ENABLE_MODULES = YES;
				CLANG_ENABLE_OBJC_ARC = YES;
				CLANG_WARN_BLOCK_CAPTURE_AUTORELEASING = YES;
				CLANG_WARN_BOOL_CONVERSION = YES;
				CLANG_WARN_COMMA = YES;
				CLANG_WARN_CONSTANT_CONVERSION = YES;
				CLANG_WARN_DIRECT_OBJC_ISA_USAGE = YES_ERROR;
				CLANG_WARN_DOCUMENTATION_COMMENTS = YES;
				CLANG_WARN_EMPTY_BODY = YES;
				CLANG_WARN_ENUM_CONVERSION = YES;
				CLANG_WARN_INFINITE_RECURSION = YES;
				CLANG_WARN_INT_CONVERSION = YES;
				CLANG_WARN_NON_LITERAL_NULL_CONVERSION = YES;
				CLANG_WARN_OBJC_LITERAL_CONVERSION = YES;
				CLANG_WARN_OBJC_ROOT_CLASS = YES_ERROR;
				CLANG_WARN_RANGE_LOOP_ANALYSIS = YES;
				CLANG_WARN_STRICT_PROTOTYPES = YES;
				CLANG_WARN_SUSPICIOUS_MOVE = YES;
				CLANG_WARN_UNGUARDED_AVAILABILITY = YES_AGGRESSIVE;
				CLANG_WARN_UNREACHABLE_CODE = YES;
				CLANG_WARN__DUPLICATE_METHOD_MATCH = YES;
				CODE_SIGN_IDENTITY = "iPhone Developer";
				COPY_PHASE_STRIP = NO;
				DEBUG_INFORMATION_FORMAT = "dwarf-with-dsym";
				ENABLE_NS_ASSERTIONS = NO;
				ENABLE_STRICT_OBJC_MSGSEND = YES;
				GCC_C_LANGUAGE_STANDARD = gnu11;
				GCC_NO_COMMON_BLOCKS = YES;
				GCC_WARN_64_TO_32_BIT_CONVERSION = YES;
				GCC_WARN_ABOUT_RETURN_TYPE = YES_ERROR;
				GCC_WARN_UNDECLARED_SELECTOR = YES;
				GCC_WARN_UNINITIALIZED_AUTOS = YES_AGGRESSIVE;
				GCC_WARN_UNUSED_FUNCTION = YES;
				GCC_WARN_UNUSED_VARIABLE = YES;
				IPHONEOS_DEPLOYMENT_TARGET = 11.0;
				MTL_ENABLE_DEBUG_INFO = NO;
				SDKROOT = iphoneos;
				SWIFT_OPTIMIZATION_LEVEL = "-Owholemodule";
				VALIDATE_PRODUCT = YES;
			};
			name = Release;
		};
		AECD9C331F8645E9004FE985 /* Debug */ = {
			isa = XCBuildConfiguration;
			baseConfigurationReference = 1CFD6B883F1D5FFCD5A2B468 /* Pods-DummyCam.debug.xcconfig */;
			buildSettings = {
				ASSETCATALOG_COMPILER_APPICON_NAME = AppIcon;
				"CODE_SIGN_IDENTITY[sdk=iphoneos*]" = "iPhone Developer";
				CODE_SIGN_STYLE = Manual;
				DEVELOPMENT_TEAM = 9E7WT5TMJR;
				INFOPLIST_FILE = DummyCam/Info.plist;
				LD_RUNPATH_SEARCH_PATHS = "$(inherited) @executable_path/Frameworks";
				PRODUCT_BUNDLE_IDENTIFIER = ai.tsok.DummyCam;
				PRODUCT_NAME = "$(TARGET_NAME)";
				PROVISIONING_PROFILE = "2e6fcb69-eb85-47e8-9293-3cc41442a435";
				PROVISIONING_PROFILE_SPECIFIER = "TSOK AI Universal Profile";
				SWIFT_VERSION = 4.0;
				TARGETED_DEVICE_FAMILY = "1,2";
			};
			name = Debug;
		};
		AECD9C341F8645E9004FE985 /* Release */ = {
			isa = XCBuildConfiguration;
			baseConfigurationReference = 7824CF2D2D76604ED160386F /* Pods-DummyCam.release.xcconfig */;
			buildSettings = {
				ASSETCATALOG_COMPILER_APPICON_NAME = AppIcon;
				"CODE_SIGN_IDENTITY[sdk=iphoneos*]" = "iPhone Distribution";
				CODE_SIGN_STYLE = Manual;
				DEVELOPMENT_TEAM = 9E7WT5TMJR;
				INFOPLIST_FILE = DummyCam/Info.plist;
				LD_RUNPATH_SEARCH_PATHS = "$(inherited) @executable_path/Frameworks";
				PRODUCT_BUNDLE_IDENTIFIER = ai.tsok.DummyCam;
				PRODUCT_NAME = "$(TARGET_NAME)";
				PROVISIONING_PROFILE = "abc69919-502e-4194-adbf-4f60094cdd16";
				PROVISIONING_PROFILE_SPECIFIER = "TSOK AI Nazar's Distribution Profile";
				SWIFT_VERSION = 4.0;
				TARGETED_DEVICE_FAMILY = "1,2";
			};
			name = Release;
		};
		AECD9C361F8645E9004FE985 /* Debug */ = {
			isa = XCBuildConfiguration;
			baseConfigurationReference = 7328E208EADE9B1844093768 /* Pods-DummyCamUITests.debug.xcconfig */;
			buildSettings = {
				ALWAYS_EMBED_SWIFT_STANDARD_LIBRARIES = YES;
				CODE_SIGN_STYLE = Automatic;
				DEVELOPMENT_TEAM = 93C25F5X8T;
				INFOPLIST_FILE = DummyCamUITests/Info.plist;
				LD_RUNPATH_SEARCH_PATHS = "$(inherited) @executable_path/Frameworks @loader_path/Frameworks";
				PRODUCT_BUNDLE_IDENTIFIER = ai.tsok.DummyCamUITests;
				PRODUCT_NAME = "$(TARGET_NAME)";
				SWIFT_VERSION = 4.0;
				TARGETED_DEVICE_FAMILY = "1,2";
				TEST_TARGET_NAME = DummyCam;
			};
			name = Debug;
		};
		AECD9C371F8645E9004FE985 /* Release */ = {
			isa = XCBuildConfiguration;
			baseConfigurationReference = 4E9B565E2765DA61CC50FB9E /* Pods-DummyCamUITests.release.xcconfig */;
			buildSettings = {
				ALWAYS_EMBED_SWIFT_STANDARD_LIBRARIES = YES;
				CODE_SIGN_STYLE = Automatic;
				DEVELOPMENT_TEAM = 93C25F5X8T;
				INFOPLIST_FILE = DummyCamUITests/Info.plist;
				LD_RUNPATH_SEARCH_PATHS = "$(inherited) @executable_path/Frameworks @loader_path/Frameworks";
				PRODUCT_BUNDLE_IDENTIFIER = ai.tsok.DummyCamUITests;
				PRODUCT_NAME = "$(TARGET_NAME)";
				SWIFT_VERSION = 4.0;
				TARGETED_DEVICE_FAMILY = "1,2";
				TEST_TARGET_NAME = DummyCam;
			};
			name = Release;
		};
/* End XCBuildConfiguration section */

/* Begin XCConfigurationList section */
		AECD9C101F8645E8004FE985 /* Build configuration list for PBXProject "DummyCam" */ = {
			isa = XCConfigurationList;
			buildConfigurations = (
				AECD9C301F8645E9004FE985 /* Debug */,
				AECD9C311F8645E9004FE985 /* Release */,
			);
			defaultConfigurationIsVisible = 0;
			defaultConfigurationName = Release;
		};
		AECD9C321F8645E9004FE985 /* Build configuration list for PBXNativeTarget "DummyCam" */ = {
			isa = XCConfigurationList;
			buildConfigurations = (
				AECD9C331F8645E9004FE985 /* Debug */,
				AECD9C341F8645E9004FE985 /* Release */,
			);
			defaultConfigurationIsVisible = 0;
			defaultConfigurationName = Release;
		};
		AECD9C351F8645E9004FE985 /* Build configuration list for PBXNativeTarget "DummyCamUITests" */ = {
			isa = XCConfigurationList;
			buildConfigurations = (
				AECD9C361F8645E9004FE985 /* Debug */,
				AECD9C371F8645E9004FE985 /* Release */,
			);
			defaultConfigurationIsVisible = 0;
			defaultConfigurationName = Release;
		};
/* End XCConfigurationList section */
	};
	rootObject = AECD9C0D1F8645E8004FE985 /* Project object */;
}
